
Microsoft Visual Studio Solution File, Format Version 12.00
# Visual Studio 14
VisualStudioVersion = 14.0.23107.0
MinimumVisualStudioVersion = 10.0.40219.1
Project("{FAE04EC0-301F-11D3-BF4B-00C04F79EFBC}") = "Sinaptech.VLabFinal.Client", "Sinaptech.VLabFinal.Client\Sinaptech.VLabFinal.Client.csproj", "{DC7436D5-6F70-4A75-AF6C-4066281D6B8F}"
EndProject
Project("{FAE04EC0-301F-11D3-BF4B-00C04F79EFBC}") = "Sinaptech.VLabFinal.WebAPI", "Sinaptech.VLabFinal.WebAPI\Sinaptech.VLabFinal.WebAPI.csproj", "{01BF3542-B91C-4F69-A39D-9303BC4BCE11}"
	ProjectSection(ProjectDependencies) = postProject
		{1D5F2D48-2636-4623-99E4-75F5E001C69B} = {1D5F2D48-2636-4623-99E4-75F5E001C69B}
		{01EB1C53-67ED-4903-842C-0CBBC8E23C64} = {01EB1C53-67ED-4903-842C-0CBBC8E23C64}
	EndProjectSection
EndProject
Project("{FAE04EC0-301F-11D3-BF4B-00C04F79EFBC}") = "Sinaptech.VLabFinal.Db", "Sinaptech.VLabFinal.Db\Sinaptech.VLabFinal.Db.csproj", "{1D5F2D48-2636-4623-99E4-75F5E001C69B}"
EndProject
Project("{FAE04EC0-301F-11D3-BF4B-00C04F79EFBC}") = "Sinaptech.VLabFinal.Logic", "Sinaptech.VLabFinal.Logic\Sinaptech.VLabFinal.Logic.csproj", "{01EB1C53-67ED-4903-842C-0CBBC8E23C64}"
	ProjectSection(ProjectDependencies) = postProject
		{1D5F2D48-2636-4623-99E4-75F5E001C69B} = {1D5F2D48-2636-4623-99E4-75F5E001C69B}
	EndProjectSection
EndProject
Global
	GlobalSection(SolutionConfigurationPlatforms) = preSolution
		Debug|Any CPU = Debug|Any CPU
		Release|Any CPU = Release|Any CPU
	EndGlobalSection
	GlobalSection(ProjectConfigurationPlatforms) = postSolution
		{DC7436D5-6F70-4A75-AF6C-4066281D6B8F}.Debug|Any CPU.ActiveCfg = Debug|Any CPU
		{DC7436D5-6F70-4A75-AF6C-4066281D6B8F}.Debug|Any CPU.Build.0 = Debug|Any CPU
		{DC7436D5-6F70-4A75-AF6C-4066281D6B8F}.Release|Any CPU.ActiveCfg = Release|Any CPU
		{DC7436D5-6F70-4A75-AF6C-4066281D6B8F}.Release|Any CPU.Build.0 = Release|Any CPU
		{01BF3542-B91C-4F69-A39D-9303BC4BCE11}.Debug|Any CPU.ActiveCfg = Debug|Any CPU
		{01BF3542-B91C-4F69-A39D-9303BC4BCE11}.Debug|Any CPU.Build.0 = Debug|Any CPU
		{01BF3542-B91C-4F69-A39D-9303BC4BCE11}.Release|Any CPU.ActiveCfg = Release|Any CPU
		{01BF3542-B91C-4F69-A39D-9303BC4BCE11}.Release|Any CPU.Build.0 = Release|Any CPU
		{1D5F2D48-2636-4623-99E4-75F5E001C69B}.Debug|Any CPU.ActiveCfg = Debug|Any CPU
		{1D5F2D48-2636-4623-99E4-75F5E001C69B}.Debug|Any CPU.Build.0 = Debug|Any CPU
		{1D5F2D48-2636-4623-99E4-75F5E001C69B}.Release|Any CPU.ActiveCfg = Release|Any CPU
		{1D5F2D48-2636-4623-99E4-75F5E001C69B}.Release|Any CPU.Build.0 = Release|Any CPU
		{01EB1C53-67ED-4903-842C-0CBBC8E23C64}.Debug|Any CPU.ActiveCfg = Debug|Any CPU
		{01EB1C53-67ED-4903-842C-0CBBC8E23C64}.Debug|Any CPU.Build.0 = Debug|Any CPU
		{01EB1C53-67ED-4903-842C-0CBBC8E23C64}.Release|Any CPU.ActiveCfg = Release|Any CPU
		{01EB1C53-67ED-4903-842C-0CBBC8E23C64}.Release|Any CPU.Build.0 = Release|Any CPU
	EndGlobalSection
	GlobalSection(SolutionProperties) = preSolution
		HideSolutionNode = FALSE
	EndGlobalSection
EndGlobal
